// !$*UTF8*$!
{
	archiveVersion = 1;
	classes = {
	};
	objectVersion = 56;
	objects = {

/* Begin PBXBuildFile section */
		AAD4CCB22C2597730065E822 /* Day1_1App.swift in Sources */ = {isa = PBXBuildFile; fileRef = AAD4CCB12C2597730065E822 /* Day1_1App.swift */; };
		AAD4CCB42C2597730065E822 /* ContentView.swift in Sources */ = {isa = PBXBuildFile; fileRef = AAD4CCB32C2597730065E822 /* ContentView.swift */; };
		AAD4CCB62C2597730065E822 /* Assets.xcassets in Resources */ = {isa = PBXBuildFile; fileRef = AAD4CCB52C2597730065E822 /* Assets.xcassets */; };
		AAD4CCB92C2597730065E822 /* Preview Assets.xcassets in Resources */ = {isa = PBXBuildFile; fileRef = AAD4CCB82C2597730065E822 /* Preview Assets.xcassets */; };
		AAD4CCC32C2597740065E822 /* Day1_1Tests.swift in Sources */ = {isa = PBXBuildFile; fileRef = AAD4CCC22C2597740065E822 /* Day1_1Tests.swift */; };
		AAD4CCCD2C2597740065E822 /* Day1_1UITests.swift in Sources */ = {isa = PBXBuildFile; fileRef = AAD4CCCC2C2597740065E822 /* Day1_1UITests.swift */; };
		AAD4CCCF2C2597740065E822 /* Day1_1UITestsLaunchTests.swift in Sources */ = {isa = PBXBuildFile; fileRef = AAD4CCCE2C2597740065E822 /* Day1_1UITestsLaunchTests.swift */; };
/* End PBXBuildFile section */

/* Begin PBXContainerItemProxy section */
		AAD4CCBF2C2597740065E822 /* PBXContainerItemProxy */ = {
			isa = PBXContainerItemProxy;
			containerPortal = AAD4CCA62C2597730065E822 /* Project object */;
			proxyType = 1;
			remoteGlobalIDString = AAD4CCAD2C2597730065E822;
			remoteInfo = "Day1-1";
		};
		AAD4CCC92C2597740065E822 /* PBXContainerItemProxy */ = {
			isa = PBXContainerItemProxy;
			containerPortal = AAD4CCA62C2597730065E822 /* Project object */;
			proxyType = 1;
			remoteGlobalIDString = AAD4CCAD2C2597730065E822;
			remoteInfo = "Day1-1";
		};
/* End PBXContainerItemProxy section */

/* Begin PBXFileReference section */
		AAD4CCAE2C2597730065E822 /* Day1-1.app */ = {isa = PBXFileReference; explicitFileType = wrapper.application; includeInIndex = 0; path = "Day1-1.app"; sourceTree = BUILT_PRODUCTS_DIR; };
		AAD4CCB12C2597730065E822 /* Day1_1App.swift */ = {isa = PBXFileReference; lastKnownFileType = sourcecode.swift; path = Day1_1App.swift; sourceTree = "<group>"; };
		AAD4CCB32C2597730065E822 /* ContentView.swift */ = {isa = PBXFileReference; lastKnownFileType = sourcecode.swift; path = ContentView.swift; sourceTree = "<group>"; };
		AAD4CCB52C2597730065E822 /* Assets.xcassets */ = {isa = PBXFileReference; lastKnownFileType = folder.assetcatalog; path = Assets.xcassets; sourceTree = "<group>"; };
		AAD4CCB82C2597730065E822 /* Preview Assets.xcassets */ = {isa = PBXFileReference; lastKnownFileType = folder.assetcatalog; path = "Preview Assets.xcassets"; sourceTree = "<group>"; };
		AAD4CCBE2C2597740065E822 /* Day1-1Tests.xctest */ = {isa = PBXFileReference; explicitFileType = wrapper.cfbundle; includeInIndex = 0; path = "Day1-1Tests.xctest"; sourceTree = BUILT_PRODUCTS_DIR; };
		AAD4CCC22C2597740065E822 /* Day1_1Tests.swift */ = {isa = PBXFileReference; lastKnownFileType = sourcecode.swift; path = Day1_1Tests.swift; sourceTree = "<group>"; };
		AAD4CCC82C2597740065E822 /* Day1-1UITests.xctest */ = {isa = PBXFileReference; explicitFileType = wrapper.cfbundle; includeInIndex = 0; path = "Day1-1UITests.xctest"; sourceTree = BUILT_PRODUCTS_DIR; };
		AAD4CCCC2C2597740065E822 /* Day1_1UITests.swift */ = {isa = PBXFileReference; lastKnownFileType = sourcecode.swift; path = Day1_1UITests.swift; sourceTree = "<group>"; };
		AAD4CCCE2C2597740065E822 /* Day1_1UITestsLaunchTests.swift */ = {isa = PBXFileReference; lastKnownFileType = sourcecode.swift; path = Day1_1UITestsLaunchTests.swift; sourceTree = "<group>"; };
/* End PBXFileReference section */

/* Begin PBXFrameworksBuildPhase section */
		AAD4CCAB2C2597730065E822 /* Frameworks */ = {
			isa = PBXFrameworksBuildPhase;
			buildActionMask = 2147483647;
			files = (
			);
			runOnlyForDeploymentPostprocessing = 0;
		};
		AAD4CCBB2C2597740065E822 /* Frameworks */ = {
			isa = PBXFrameworksBuildPhase;
			buildActionMask = 2147483647;
			files = (
			);
			runOnlyForDeploymentPostprocessing = 0;
		};
		AAD4CCC52C2597740065E822 /* Frameworks */ = {
			isa = PBXFrameworksBuildPhase;
			buildActionMask = 2147483647;
			files = (
			);
			runOnlyForDeploymentPostprocessing = 0;
		};
/* End PBXFrameworksBuildPhase section */

/* Begin PBXGroup section */
		AAD4CCA52C2597730065E822 = {
			isa = PBXGroup;
			children = (
				AAD4CCB02C2597730065E822 /* Day1-1 */,
				AAD4CCC12C2597740065E822 /* Day1-1Tests */,
				AAD4CCCB2C2597740065E822 /* Day1-1UITests */,
				AAD4CCAF2C2597730065E822 /* Products */,
			);
			sourceTree = "<group>";
		};
		AAD4CCAF2C2597730065E822 /* Products */ = {
			isa = PBXGroup;
			children = (
				AAD4CCAE2C2597730065E822 /* Day1-1.app */,
				AAD4CCBE2C2597740065E822 /* Day1-1Tests.xctest */,
				AAD4CCC82C2597740065E822 /* Day1-1UITests.xctest */,
			);
			name = Products;
			sourceTree = "<group>";
		};
		AAD4CCB02C2597730065E822 /* Day1-1 */ = {
			isa = PBXGroup;
			children = (
				AAD4CCB12C2597730065E822 /* Day1_1App.swift */,
				AAD4CCB32C2597730065E822 /* ContentView.swift */,
				AAD4CCB52C2597730065E822 /* Assets.xcassets */,
				AAD4CCB72C2597730065E822 /* Preview Content */,
			);
			path = "Day1-1";
			sourceTree = "<group>";
		};
		AAD4CCB72C2597730065E822 /* Preview Content */ = {
			isa = PBXGroup;
			children = (
				AAD4CCB82C2597730065E822 /* Preview Assets.xcassets */,
			);
			path = "Preview Content";
			sourceTree = "<group>";
		};
		AAD4CCC12C2597740065E822 /* Day1-1Tests */ = {
			isa = PBXGroup;
			children = (
				AAD4CCC22C2597740065E822 /* Day1_1Tests.swift */,
			);
			path = "Day1-1Tests";
			sourceTree = "<group>";
		};
		AAD4CCCB2C2597740065E822 /* Day1-1UITests */ = {
			isa = PBXGroup;
			children = (
				AAD4CCCC2C2597740065E822 /* Day1_1UITests.swift */,
				AAD4CCCE2C2597740065E822 /* Day1_1UITestsLaunchTests.swift */,
			);
			path = "Day1-1UITests";
			sourceTree = "<group>";
		};
/* End PBXGroup section */

/* Begin PBXNativeTarget section */
		AAD4CCAD2C2597730065E822 /* Day1-1 */ = {
			isa = PBXNativeTarget;
			buildConfigurationList = AAD4CCD22C2597740065E822 /* Build configuration list for PBXNativeTarget "Day1-1" */;
			buildPhases = (
				AAD4CCAA2C2597730065E822 /* Sources */,
				AAD4CCAB2C2597730065E822 /* Frameworks */,
				AAD4CCAC2C2597730065E822 /* Resources */,
			);
			buildRules = (
			);
			dependencies = (
			);
			name = "Day1-1";
			productName = "Day1-1";
			productReference = AAD4CCAE2C2597730065E822 /* Day1-1.app */;
			productType = "com.apple.product-type.application";
		};
		AAD4CCBD2C2597740065E822 /* Day1-1Tests */ = {
			isa = PBXNativeTarget;
			buildConfigurationList = AAD4CCD52C2597740065E822 /* Build configuration list for PBXNativeTarget "Day1-1Tests" */;
			buildPhases = (
				AAD4CCBA2C2597740065E822 /* Sources */,
				AAD4CCBB2C2597740065E822 /* Frameworks */,
				AAD4CCBC2C2597740065E822 /* Resources */,
			);
			buildRules = (
			);
			dependencies = (
				AAD4CCC02C2597740065E822 /* PBXTargetDependency */,
			);
			name = "Day1-1Tests";
			productName = "Day1-1Tests";
			productReference = AAD4CCBE2C2597740065E822 /* Day1-1Tests.xctest */;
			productType = "com.apple.product-type.bundle.unit-test";
		};
		AAD4CCC72C2597740065E822 /* Day1-1UITests */ = {
			isa = PBXNativeTarget;
			buildConfigurationList = AAD4CCD82C2597740065E822 /* Build configuration list for PBXNativeTarget "Day1-1UITests" */;
			buildPhases = (
				AAD4CCC42C2597740065E822 /* Sources */,
				AAD4CCC52C2597740065E822 /* Frameworks */,
				AAD4CCC62C2597740065E822 /* Resources */,
			);
			buildRules = (
			);
			dependencies = (
				AAD4CCCA2C2597740065E822 /* PBXTargetDependency */,
			);
			name = "Day1-1UITests";
			productName = "Day1-1UITests";
			productReference = AAD4CCC82C2597740065E822 /* Day1-1UITests.xctest */;
			productType = "com.apple.product-type.bundle.ui-testing";
		};
/* End PBXNativeTarget section */

/* Begin PBXProject section */
		AAD4CCA62C2597730065E822 /* Project object */ = {
			isa = PBXProject;
			attributes = {
				BuildIndependentTargetsInParallel = 1;
				LastSwiftUpdateCheck = 1540;
				LastUpgradeCheck = 1540;
				TargetAttributes = {
					AAD4CCAD2C2597730065E822 = {
						CreatedOnToolsVersion = 15.4;
					};
					AAD4CCBD2C2597740065E822 = {
						CreatedOnToolsVersion = 15.4;
						TestTargetID = AAD4CCAD2C2597730065E822;
					};
					AAD4CCC72C2597740065E822 = {
						CreatedOnToolsVersion = 15.4;
						TestTargetID = AAD4CCAD2C2597730065E822;
					};
				};
			};
			buildConfigurationList = AAD4CCA92C2597730065E822 /* Build configuration list for PBXProject "Day1-1" */;
			compatibilityVersion = "Xcode 14.0";
			developmentRegion = en;
			hasScannedForEncodings = 0;
			knownRegions = (
				en,
				Base,
			);
			mainGroup = AAD4CCA52C2597730065E822;
			productRefGroup = AAD4CCAF2C2597730065E822 /* Products */;
			projectDirPath = "";
			projectRoot = "";
			targets = (
				AAD4CCAD2C2597730065E822 /* Day1-1 */,
				AAD4CCBD2C2597740065E822 /* Day1-1Tests */,
				AAD4CCC72C2597740065E822 /* Day1-1UITests */,
			);
		};
/* End PBXProject section */

/* Begin PBXResourcesBuildPhase section */
		AAD4CCAC2C2597730065E822 /* Resources */ = {
			isa = PBXResourcesBuildPhase;
			buildActionMask = 2147483647;
			files = (
				AAD4CCB92C2597730065E822 /* Preview Assets.xcassets in Resources */,
				AAD4CCB62C2597730065E822 /* Assets.xcassets in Resources */,
			);
			runOnlyForDeploymentPostprocessing = 0;
		};
		AAD4CCBC2C2597740065E822 /* Resources */ = {
			isa = PBXResourcesBuildPhase;
			buildActionMask = 2147483647;
			files = (
			);
			runOnlyForDeploymentPostprocessing = 0;
		};
		AAD4CCC62C2597740065E822 /* Resources */ = {
			isa = PBXResourcesBuildPhase;
			buildActionMask = 2147483647;
			files = (
			);
			runOnlyForDeploymentPostprocessing = 0;
		};
/* End PBXResourcesBuildPhase section */

/* Begin PBXSourcesBuildPhase section */
		AAD4CCAA2C2597730065E822 /* Sources */ = {
			isa = PBXSourcesBuildPhase;
			buildActionMask = 2147483647;
			files = (
				AAD4CCB42C2597730065E822 /* ContentView.swift in Sources */,
				AAD4CCB22C2597730065E822 /* Day1_1App.swift in Sources */,
			);
			runOnlyForDeploymentPostprocessing = 0;
		};
		AAD4CCBA2C2597740065E822 /* Sources */ = {
			isa = PBXSourcesBuildPhase;
			buildActionMask = 2147483647;
			files = (
				AAD4CCC32C2597740065E822 /* Day1_1Tests.swift in Sources */,
			);
			runOnlyForDeploymentPostprocessing = 0;
		};
		AAD4CCC42C2597740065E822 /* Sources */ = {
			isa = PBXSourcesBuildPhase;
			buildActionMask = 2147483647;
			files = (
				AAD4CCCD2C2597740065E822 /* Day1_1UITests.swift in Sources */,
				AAD4CCCF2C2597740065E822 /* Day1_1UITestsLaunchTests.swift in Sources */,
			);
			runOnlyForDeploymentPostprocessing = 0;
		};
/* End PBXSourcesBuildPhase section */

/* Begin PBXTargetDependency section */
		AAD4CCC02C2597740065E822 /* PBXTargetDependency */ = {
			isa = PBXTargetDependency;
			target = AAD4CCAD2C2597730065E822 /* Day1-1 */;
			targetProxy = AAD4CCBF2C2597740065E822 /* PBXContainerItemProxy */;
		};
		AAD4CCCA2C2597740065E822 /* PBXTargetDependency */ = {
			isa = PBXTargetDependency;
			target = AAD4CCAD2C2597730065E822 /* Day1-1 */;
			targetProxy = AAD4CCC92C2597740065E822 /* PBXContainerItemProxy */;
		};
/* End PBXTargetDependency section */

/* Begin XCBuildConfiguration section */
		AAD4CCD02C2597740065E822 /* Debug */ = {
			isa = XCBuildConfiguration;
			buildSettings = {
				ALWAYS_SEARCH_USER_PATHS = NO;
				ASSETCATALOG_COMPILER_GENERATE_SWIFT_ASSET_SYMBOL_EXTENSIONS = YES;
				CLANG_ANALYZER_NONNULL = YES;
				CLANG_ANALYZER_NUMBER_OBJECT_CONVERSION = YES_AGGRESSIVE;
				CLANG_CXX_LANGUAGE_STANDARD = "gnu++20";
				CLANG_ENABLE_MODULES = YES;
				CLANG_ENABLE_OBJC_ARC = YES;
				CLANG_ENABLE_OBJC_WEAK = YES;
				CLANG_WARN_BLOCK_CAPTURE_AUTORELEASING = YES;
				CLANG_WARN_BOOL_CONVERSION = YES;
				CLANG_WARN_COMMA = YES;
				CLANG_WARN_CONSTANT_CONVERSION = YES;
				CLANG_WARN_DEPRECATED_OBJC_IMPLEMENTATIONS = YES;
				CLANG_WARN_DIRECT_OBJC_ISA_USAGE = YES_ERROR;
				CLANG_WARN_DOCUMENTATION_COMMENTS = YES;
				CLANG_WARN_EMPTY_BODY = YES;
				CLANG_WARN_ENUM_CONVERSION = YES;
				CLANG_WARN_INFINITE_RECURSION = YES;
				CLANG_WARN_INT_CONVERSION = YES;
				CLANG_WARN_NON_LITERAL_NULL_CONVERSION = YES;
				CLANG_WARN_OBJC_IMPLICIT_RETAIN_SELF = YES;
				CLANG_WARN_OBJC_LITERAL_CONVERSION = YES;
				CLANG_WARN_OBJC_ROOT_CLASS = YES_ERROR;
				CLANG_WARN_QUOTED_INCLUDE_IN_FRAMEWORK_HEADER = YES;
				CLANG_WARN_RANGE_LOOP_ANALYSIS = YES;
				CLANG_WARN_STRICT_PROTOTYPES = YES;
				CLANG_WARN_SUSPICIOUS_MOVE = YES;
				CLANG_WARN_UNGUARDED_AVAILABILITY = YES_AGGRESSIVE;
				CLANG_WARN_UNREACHABLE_CODE = YES;
				CLANG_WARN__DUPLICATE_METHOD_MATCH = YES;
				COPY_PHASE_STRIP = NO;
				DEBUG_INFORMATION_FORMAT = dwarf;
				ENABLE_STRICT_OBJC_MSGSEND = YES;
				ENABLE_TESTABILITY = YES;
				ENABLE_USER_SCRIPT_SANDBOXING = YES;
				GCC_C_LANGUAGE_STANDARD = gnu17;
				GCC_DYNAMIC_NO_PIC = NO;
				GCC_NO_COMMON_BLOCKS = YES;
				GCC_OPTIMIZATION_LEVEL = 0;
				GCC_PREPROCESSOR_DEFINITIONS = (
					"DEBUG=1",
					"$(inherited)",
				);
				GCC_WARN_64_TO_32_BIT_CONVERSION = YES;
				GCC_WARN_ABOUT_RETURN_TYPE = YES_ERROR;
				GCC_WARN_UNDECLARED_SELECTOR = YES;
				GCC_WARN_UNINITIALIZED_AUTOS = YES_AGGRESSIVE;
				GCC_WARN_UNUSED_FUNCTION = YES;
				GCC_WARN_UNUSED_VARIABLE = YES;
				IPHONEOS_DEPLOYMENT_TARGET = 17.5;
				LOCALIZATION_PREFERS_STRING_CATALOGS = YES;
				MTL_ENABLE_DEBUG_INFO = INCLUDE_SOURCE;
				MTL_FAST_MATH = YES;
				ONLY_ACTIVE_ARCH = YES;
				SDKROOT = iphoneos;
				SWIFT_ACTIVE_COMPILATION_CONDITIONS = "DEBUG $(inherited)";
				SWIFT_OPTIMIZATION_LEVEL = "-Onone";
			};
			name = Debug;
		};
		AAD4CCD12C2597740065E822 /* Release */ = {
			isa = XCBuildConfiguration;
			buildSettings = {
				ALWAYS_SEARCH_USER_PATHS = NO;
				ASSETCATALOG_COMPILER_GENERATE_SWIFT_ASSET_SYMBOL_EXTENSIONS = YES;
				CLANG_ANALYZER_NONNULL = YES;
				CLANG_ANALYZER_NUMBER_OBJECT_CONVERSION = YES_AGGRESSIVE;
				CLANG_CXX_LANGUAGE_STANDARD = "gnu++20";
				CLANG_ENABLE_MODULES = YES;
				CLANG_ENABLE_OBJC_ARC = YES;
				CLANG_ENABLE_OBJC_WEAK = YES;
				CLANG_WARN_BLOCK_CAPTURE_AUTORELEASING = YES;
				CLANG_WARN_BOOL_CONVERSION = YES;
				CLANG_WARN_COMMA = YES;
				CLANG_WARN_CONSTANT_CONVERSION = YES;
				CLANG_WARN_DEPRECATED_OBJC_IMPLEMENTATIONS = YES;
				CLANG_WARN_DIRECT_OBJC_ISA_USAGE = YES_ERROR;
				CLANG_WARN_DOCUMENTATION_COMMENTS = YES;
				CLANG_WARN_EMPTY_BODY = YES;
				CLANG_WARN_ENUM_CONVERSION = YES;
				CLANG_WARN_INFINITE_RECURSION = YES;
				CLANG_WARN_INT_CONVERSION = YES;
				CLANG_WARN_NON_LITERAL_NULL_CONVERSION = YES;
				CLANG_WARN_OBJC_IMPLICIT_RETAIN_SELF = YES;
				CLANG_WARN_OBJC_LITERAL_CONVERSION = YES;
				CLANG_WARN_OBJC_ROOT_CLASS = YES_ERROR;
				CLANG_WARN_QUOTED_INCLUDE_IN_FRAMEWORK_HEADER = YES;
				CLANG_WARN_RANGE_LOOP_ANALYSIS = YES;
				CLANG_WARN_STRICT_PROTOTYPES = YES;
				CLANG_WARN_SUSPICIOUS_MOVE = YES;
				CLANG_WARN_UNGUARDED_AVAILABILITY = YES_AGGRESSIVE;
				CLANG_WARN_UNREACHABLE_CODE = YES;
				CLANG_WARN__DUPLICATE_METHOD_MATCH = YES;
				COPY_PHASE_STRIP = NO;
				DEBUG_INFORMATION_FORMAT = "dwarf-with-dsym";
				ENABLE_NS_ASSERTIONS = NO;
				ENABLE_STRICT_OBJC_MSGSEND = YES;
				ENABLE_USER_SCRIPT_SANDBOXING = YES;
				GCC_C_LANGUAGE_STANDARD = gnu17;
				GCC_NO_COMMON_BLOCKS = YES;
				GCC_WARN_64_TO_32_BIT_CONVERSION = YES;
				GCC_WARN_ABOUT_RETURN_TYPE = YES_ERROR;
				GCC_WARN_UNDECLARED_SELECTOR = YES;
				GCC_WARN_UNINITIALIZED_AUTOS = YES_AGGRESSIVE;
				GCC_WARN_UNUSED_FUNCTION = YES;
				GCC_WARN_UNUSED_VARIABLE = YES;
				IPHONEOS_DEPLOYMENT_TARGET = 17.5;
				LOCALIZATION_PREFERS_STRING_CATALOGS = YES;
				MTL_ENABLE_DEBUG_INFO = NO;
				MTL_FAST_MATH = YES;
				SDKROOT = iphoneos;
				SWIFT_COMPILATION_MODE = wholemodule;
				VALIDATE_PRODUCT = YES;
			};
			name = Release;
		};
		AAD4CCD32C2597740065E822 /* Debug */ = {
			isa = XCBuildConfiguration;
			buildSettings = {
				ASSETCATALOG_COMPILER_APPICON_NAME = AppIcon;
				ASSETCATALOG_COMPILER_GLOBAL_ACCENT_COLOR_NAME = AccentColor;
				CODE_SIGN_STYLE = Automatic;
				CURRENT_PROJECT_VERSION = 1;
				DEVELOPMENT_ASSET_PATHS = "\"Day1-1/Preview Content\"";
				DEVELOPMENT_TEAM = 43VW2ZAV8D;
				ENABLE_PREVIEWS = YES;
				GENERATE_INFOPLIST_FILE = YES;
				INFOPLIST_KEY_UIApplicationSceneManifest_Generation = YES;
				INFOPLIST_KEY_UIApplicationSupportsIndirectInputEvents = YES;
				INFOPLIST_KEY_UILaunchScreen_Generation = YES;
				INFOPLIST_KEY_UISupportedInterfaceOrientations_iPad = "UIInterfaceOrientationPortrait UIInterfaceOrientationPortraitUpsideDown UIInterfaceOrientationLandscapeLeft UIInterfaceOrientationLandscapeRight";
				INFOPLIST_KEY_UISupportedInterfaceOrientations_iPhone = "UIInterfaceOrientationPortrait UIInterfaceOrientationLandscapeLeft UIInterfaceOrientationLandscapeRight";
				LD_RUNPATH_SEARCH_PATHS = (
					"$(inherited)",
					"@executable_path/Frameworks",
				);
				MARKETING_VERSION = 1.0;
				PRODUCT_BUNDLE_IDENTIFIER = "com.OasisLiveStock.Day1-1";
				PRODUCT_NAME = "$(TARGET_NAME)";
				SWIFT_EMIT_LOC_STRINGS = YES;
				SWIFT_VERSION = 5.0;
				TARGETED_DEVICE_FAMILY = "1,2";
			};
			name = Debug;
		};
		AAD4CCD42C2597740065E822 /* Release */ = {
			isa = XCBuildConfiguration;
			buildSettings = {
				ASSETCATALOG_COMPILER_APPICON_NAME = AppIcon;
				ASSETCATALOG_COMPILER_GLOBAL_ACCENT_COLOR_NAME = AccentColor;
				CODE_SIGN_STYLE = Automatic;
				CURRENT_PROJECT_VERSION = 1;
				DEVELOPMENT_ASSET_PATHS = "\"Day1-1/Preview Content\"";
				DEVELOPMENT_TEAM = 43VW2ZAV8D;
				ENABLE_PREVIEWS = YES;
				GENERATE_INFOPLIST_FILE = YES;
				INFOPLIST_KEY_UIApplicationSceneManifest_Generation = YES;
				INFOPLIST_KEY_UIApplicationSupportsIndirectInputEvents = YES;
				INFOPLIST_KEY_UILaunchScreen_Generation = YES;
				INFOPLIST_KEY_UISupportedInterfaceOrientations_iPad = "UIInterfaceOrientationPortrait UIInterfaceOrientationPortraitUpsideDown UIInterfaceOrientationLandscapeLeft UIInterfaceOrientationLandscapeRight";
				INFOPLIST_KEY_UISupportedInterfaceOrientations_iPhone = "UIInterfaceOrientationPortrait UIInterfaceOrientationLandscapeLeft UIInterfaceOrientationLandscapeRight";
				LD_RUNPATH_SEARCH_PATHS = (
					"$(inherited)",
					"@executable_path/Frameworks",
				);
				MARKETING_VERSION = 1.0;
				PRODUCT_BUNDLE_IDENTIFIER = "com.OasisLiveStock.Day1-1";
				PRODUCT_NAME = "$(TARGET_NAME)";
				SWIFT_EMIT_LOC_STRINGS = YES;
				SWIFT_VERSION = 5.0;
				TARGETED_DEVICE_FAMILY = "1,2";
			};
			name = Release;
		};
		AAD4CCD62C2597740065E822 /* Debug */ = {
			isa = XCBuildConfiguration;
			buildSettings = {
				ALWAYS_EMBED_SWIFT_STANDARD_LIBRARIES = YES;
				BUNDLE_LOADER = "$(TEST_HOST)";
				CODE_SIGN_STYLE = Automatic;
				CURRENT_PROJECT_VERSION = 1;
				DEVELOPMENT_TEAM = 43VW2ZAV8D;
				GENERATE_INFOPLIST_FILE = YES;
				IPHONEOS_DEPLOYMENT_TARGET = 17.5;
				MARKETING_VERSION = 1.0;
				PRODUCT_BUNDLE_IDENTIFIER = "com.OasisLiveStock.Day1-1Tests";
				PRODUCT_NAME = "$(TARGET_NAME)";
				SWIFT_EMIT_LOC_STRINGS = NO;
				SWIFT_VERSION = 5.0;
				TARGETED_DEVICE_FAMILY = "1,2";
				TEST_HOST = "$(BUILT_PRODUCTS_DIR)/Day1-1.app/$(BUNDLE_EXECUTABLE_FOLDER_PATH)/Day1-1";
			};
			name = Debug;
		};
		AAD4CCD72C2597740065E822 /* Release */ = {
			isa = XCBuildConfiguration;
			buildSettings = {
				ALWAYS_EMBED_SWIFT_STANDARD_LIBRARIES = YES;
				BUNDLE_LOADER = "$(TEST_HOST)";
				CODE_SIGN_STYLE = Automatic;
				CURRENT_PROJECT_VERSION = 1;
				DEVELOPMENT_TEAM = 43VW2ZAV8D;
				GENERATE_INFOPLIST_FILE = YES;
				IPHONEOS_DEPLOYMENT_TARGET = 17.5;
				MARKETING_VERSION = 1.0;
				PRODUCT_BUNDLE_IDENTIFIER = "com.OasisLiveStock.Day1-1Tests";
				PRODUCT_NAME = "$(TARGET_NAME)";
				SWIFT_EMIT_LOC_STRINGS = NO;
				SWIFT_VERSION = 5.0;
				TARGETED_DEVICE_FAMILY = "1,2";
				TEST_HOST = "$(BUILT_PRODUCTS_DIR)/Day1-1.app/$(BUNDLE_EXECUTABLE_FOLDER_PATH)/Day1-1";
			};
			name = Release;
		};
		AAD4CCD92C2597740065E822 /* Debug */ = {
			isa = XCBuildConfiguration;
			buildSettings = {
				ALWAYS_EMBED_SWIFT_STANDARD_LIBRARIES = YES;
				CODE_SIGN_STYLE = Automatic;
				CURRENT_PROJECT_VERSION = 1;
				DEVELOPMENT_TEAM = 43VW2ZAV8D;
				GENERATE_INFOPLIST_FILE = YES;
				MARKETING_VERSION = 1.0;
				PRODUCT_BUNDLE_IDENTIFIER = "com.OasisLiveStock.Day1-1UITests";
				PRODUCT_NAME = "$(TARGET_NAME)";
				SWIFT_EMIT_LOC_STRINGS = NO;
				SWIFT_VERSION = 5.0;
				TARGETED_DEVICE_FAMILY = "1,2";
				TEST_TARGET_NAME = "Day1-1";
			};
			name = Debug;
		};
		AAD4CCDA2C2597740065E822 /* Release */ = {
			isa = XCBuildConfiguration;
			buildSettings = {
				ALWAYS_EMBED_SWIFT_STANDARD_LIBRARIES = YES;
				CODE_SIGN_STYLE = Automatic;
				CURRENT_PROJECT_VERSION = 1;
				DEVELOPMENT_TEAM = 43VW2ZAV8D;
				GENERATE_INFOPLIST_FILE = YES;
				MARKETING_VERSION = 1.0;
				PRODUCT_BUNDLE_IDENTIFIER = "com.OasisLiveStock.Day1-1UITests";
				PRODUCT_NAME = "$(TARGET_NAME)";
				SWIFT_EMIT_LOC_STRINGS = NO;
				SWIFT_VERSION = 5.0;
				TARGETED_DEVICE_FAMILY = "1,2";
				TEST_TARGET_NAME = "Day1-1";
			};
			name = Release;
		};
/* End XCBuildConfiguration section */

/* Begin XCConfigurationList section */
		AAD4CCA92C2597730065E822 /* Build configuration list for PBXProject "Day1-1" */ = {
			isa = XCConfigurationList;
			buildConfigurations = (
				AAD4CCD02C2597740065E822 /* Debug */,
				AAD4CCD12C2597740065E822 /* Release */,
			);
			defaultConfigurationIsVisible = 0;
			defaultConfigurationName = Release;
		};
		AAD4CCD22C2597740065E822 /* Build configuration list for PBXNativeTarget "Day1-1" */ = {
			isa = XCConfigurationList;
			buildConfigurations = (
				AAD4CCD32C2597740065E822 /* Debug */,
				AAD4CCD42C2597740065E822 /* Release */,
			);
			defaultConfigurationIsVisible = 0;
			defaultConfigurationName = Release;
		};
		AAD4CCD52C2597740065E822 /* Build configuration list for PBXNativeTarget "Day1-1Tests" */ = {
			isa = XCConfigurationList;
			buildConfigurations = (
				AAD4CCD62C2597740065E822 /* Debug */,
				AAD4CCD72C2597740065E822 /* Release */,
			);
			defaultConfigurationIsVisible = 0;
			defaultConfigurationName = Release;
		};
		AAD4CCD82C2597740065E822 /* Build configuration list for PBXNativeTarget "Day1-1UITests" */ = {
			isa = XCConfigurationList;
			buildConfigurations = (
				AAD4CCD92C2597740065E822 /* Debug */,
				AAD4CCDA2C2597740065E822 /* Release */,
			);
			defaultConfigurationIsVisible = 0;
			defaultConfigurationName = Release;
		};
/* End XCConfigurationList section */
	};
	rootObject = AAD4CCA62C2597730065E822 /* Project object */;
}
